// !$*UTF8*$!
{
	archiveVersion = 1;
	classes = {
	};
	objectVersion = 50;
	objects = {

/* Begin PBXBuildFile section */
		A4BCF31D2103B109002B0502 /* AppDelegate.swift in Sources */ = {isa = PBXBuildFile; fileRef = A4BCF31C2103B109002B0502 /* AppDelegate.swift */; };
		A4BCF31F2103B109002B0502 /* ViewController.swift in Sources */ = {isa = PBXBuildFile; fileRef = A4BCF31E2103B109002B0502 /* ViewController.swift */; };
		A4BCF3222103B109002B0502 /* Main.storyboard in Resources */ = {isa = PBXBuildFile; fileRef = A4BCF3202103B109002B0502 /* Main.storyboard */; };
		A4BCF3242103B10B002B0502 /* Assets.xcassets in Resources */ = {isa = PBXBuildFile; fileRef = A4BCF3232103B10B002B0502 /* Assets.xcassets */; };
		A4BCF3272103B10B002B0502 /* LaunchScreen.storyboard in Resources */ = {isa = PBXBuildFile; fileRef = A4BCF3252103B10B002B0502 /* LaunchScreen.storyboard */; };
		A4BCF3322103B10C002B0502 /* ChatAppTests.swift in Sources */ = {isa = PBXBuildFile; fileRef = A4BCF3312103B10C002B0502 /* ChatAppTests.swift */; };
		A4BCF33D2103B10C002B0502 /* ChatAppUITests.swift in Sources */ = {isa = PBXBuildFile; fileRef = A4BCF33C2103B10C002B0502 /* ChatAppUITests.swift */; };
/* End PBXBuildFile section */

/* Begin PBXContainerItemProxy section */
		A4BCF32E2103B10C002B0502 /* PBXContainerItemProxy */ = {
			isa = PBXContainerItemProxy;
			containerPortal = A4BCF3112103B109002B0502 /* Project object */;
			proxyType = 1;
			remoteGlobalIDString = A4BCF3182103B109002B0502;
			remoteInfo = ChatApp;
		};
		A4BCF3392103B10C002B0502 /* PBXContainerItemProxy */ = {
			isa = PBXContainerItemProxy;
			containerPortal = A4BCF3112103B109002B0502 /* Project object */;
			proxyType = 1;
			remoteGlobalIDString = A4BCF3182103B109002B0502;
			remoteInfo = ChatApp;
		};
/* End PBXContainerItemProxy section */

/* Begin PBXFileReference section */
		A4BCF3192103B109002B0502 /* ChatApp.app */ = {isa = PBXFileReference; explicitFileType = wrapper.application; includeInIndex = 0; path = ChatApp.app; sourceTree = BUILT_PRODUCTS_DIR; };
		A4BCF31C2103B109002B0502 /* AppDelegate.swift */ = {isa = PBXFileReference; lastKnownFileType = sourcecode.swift; path = AppDelegate.swift; sourceTree = "<group>"; };
		A4BCF31E2103B109002B0502 /* ViewController.swift */ = {isa = PBXFileReference; lastKnownFileType = sourcecode.swift; path = ViewController.swift; sourceTree = "<group>"; };
		A4BCF3212103B109002B0502 /* Base */ = {isa = PBXFileReference; lastKnownFileType = file.storyboard; name = Base; path = Base.lproj/Main.storyboard; sourceTree = "<group>"; };
		A4BCF3232103B10B002B0502 /* Assets.xcassets */ = {isa = PBXFileReference; lastKnownFileType = folder.assetcatalog; path = Assets.xcassets; sourceTree = "<group>"; };
		A4BCF3262103B10B002B0502 /* Base */ = {isa = PBXFileReference; lastKnownFileType = file.storyboard; name = Base; path = Base.lproj/LaunchScreen.storyboard; sourceTree = "<group>"; };
		A4BCF3282103B10B002B0502 /* Info.plist */ = {isa = PBXFileReference; lastKnownFileType = text.plist.xml; path = Info.plist; sourceTree = "<group>"; };
		A4BCF32D2103B10C002B0502 /* ChatAppTests.xctest */ = {isa = PBXFileReference; explicitFileType = wrapper.cfbundle; includeInIndex = 0; path = ChatAppTests.xctest; sourceTree = BUILT_PRODUCTS_DIR; };
		A4BCF3312103B10C002B0502 /* ChatAppTests.swift */ = {isa = PBXFileReference; lastKnownFileType = sourcecode.swift; path = ChatAppTests.swift; sourceTree = "<group>"; };
		A4BCF3332103B10C002B0502 /* Info.plist */ = {isa = PBXFileReference; lastKnownFileType = text.plist.xml; path = Info.plist; sourceTree = "<group>"; };
		A4BCF3382103B10C002B0502 /* ChatAppUITests.xctest */ = {isa = PBXFileReference; explicitFileType = wrapper.cfbundle; includeInIndex = 0; path = ChatAppUITests.xctest; sourceTree = BUILT_PRODUCTS_DIR; };
		A4BCF33C2103B10C002B0502 /* ChatAppUITests.swift */ = {isa = PBXFileReference; lastKnownFileType = sourcecode.swift; path = ChatAppUITests.swift; sourceTree = "<group>"; };
		A4BCF33E2103B10C002B0502 /* Info.plist */ = {isa = PBXFileReference; lastKnownFileType = text.plist.xml; path = Info.plist; sourceTree = "<group>"; };
/* End PBXFileReference section */

/* Begin PBXFrameworksBuildPhase section */
		A4BCF3162103B109002B0502 /* Frameworks */ = {
			isa = PBXFrameworksBuildPhase;
			buildActionMask = 2147483647;
			files = (
			);
			runOnlyForDeploymentPostprocessing = 0;
		};
		A4BCF32A2103B10C002B0502 /* Frameworks */ = {
			isa = PBXFrameworksBuildPhase;
			buildActionMask = 2147483647;
			files = (
			);
			runOnlyForDeploymentPostprocessing = 0;
		};
		A4BCF3352103B10C002B0502 /* Frameworks */ = {
			isa = PBXFrameworksBuildPhase;
			buildActionMask = 2147483647;
			files = (
			);
			runOnlyForDeploymentPostprocessing = 0;
		};
/* End PBXFrameworksBuildPhase section */

/* Begin PBXGroup section */
		A4BCF3102103B109002B0502 = {
			isa = PBXGroup;
			children = (
				A4BCF31B2103B109002B0502 /* ChatApp */,
				A4BCF3302103B10C002B0502 /* ChatAppTests */,
				A4BCF33B2103B10C002B0502 /* ChatAppUITests */,
				A4BCF31A2103B109002B0502 /* Products */,
			);
			sourceTree = "<group>";
		};
		A4BCF31A2103B109002B0502 /* Products */ = {
			isa = PBXGroup;
			children = (
				A4BCF3192103B109002B0502 /* ChatApp.app */,
				A4BCF32D2103B10C002B0502 /* ChatAppTests.xctest */,
				A4BCF3382103B10C002B0502 /* ChatAppUITests.xctest */,
			);
			name = Products;
			sourceTree = "<group>";
		};
		A4BCF31B2103B109002B0502 /* ChatApp */ = {
			isa = PBXGroup;
			children = (
				A4BCF31C2103B109002B0502 /* AppDelegate.swift */,
				A4BCF31E2103B109002B0502 /* ViewController.swift */,
				A4BCF3202103B109002B0502 /* Main.storyboard */,
				A4BCF3232103B10B002B0502 /* Assets.xcassets */,
				A4BCF3252103B10B002B0502 /* LaunchScreen.storyboard */,
				A4BCF3282103B10B002B0502 /* Info.plist */,
			);
			path = ChatApp;
			sourceTree = "<group>";
		};
		A4BCF3302103B10C002B0502 /* ChatAppTests */ = {
			isa = PBXGroup;
			children = (
				A4BCF3312103B10C002B0502 /* ChatAppTests.swift */,
				A4BCF3332103B10C002B0502 /* Info.plist */,
			);
			path = ChatAppTests;
			sourceTree = "<group>";
		};
		A4BCF33B2103B10C002B0502 /* ChatAppUITests */ = {
			isa = PBXGroup;
			children = (
				A4BCF33C2103B10C002B0502 /* ChatAppUITests.swift */,
				A4BCF33E2103B10C002B0502 /* Info.plist */,
			);
			path = ChatAppUITests;
			sourceTree = "<group>";
		};
/* End PBXGroup section */

/* Begin PBXNativeTarget section */
		A4BCF3182103B109002B0502 /* ChatApp */ = {
			isa = PBXNativeTarget;
			buildConfigurationList = A4BCF3412103B10C002B0502 /* Build configuration list for PBXNativeTarget "ChatApp" */;
			buildPhases = (
				A4BCF3152103B109002B0502 /* Sources */,
				A4BCF3162103B109002B0502 /* Frameworks */,
				A4BCF3172103B109002B0502 /* Resources */,
			);
			buildRules = (
			);
			dependencies = (
			);
			name = ChatApp;
			productName = ChatApp;
			productReference = A4BCF3192103B109002B0502 /* ChatApp.app */;
			productType = "com.apple.product-type.application";
		};
		A4BCF32C2103B10C002B0502 /* ChatAppTests */ = {
			isa = PBXNativeTarget;
			buildConfigurationList = A4BCF3442103B10C002B0502 /* Build configuration list for PBXNativeTarget "ChatAppTests" */;
			buildPhases = (
				A4BCF3292103B10C002B0502 /* Sources */,
				A4BCF32A2103B10C002B0502 /* Frameworks */,
				A4BCF32B2103B10C002B0502 /* Resources */,
			);
			buildRules = (
			);
			dependencies = (
				A4BCF32F2103B10C002B0502 /* PBXTargetDependency */,
			);
			name = ChatAppTests;
			productName = ChatAppTests;
			productReference = A4BCF32D2103B10C002B0502 /* ChatAppTests.xctest */;
			productType = "com.apple.product-type.bundle.unit-test";
		};
		A4BCF3372103B10C002B0502 /* ChatAppUITests */ = {
			isa = PBXNativeTarget;
			buildConfigurationList = A4BCF3472103B10C002B0502 /* Build configuration list for PBXNativeTarget "ChatAppUITests" */;
			buildPhases = (
				A4BCF3342103B10C002B0502 /* Sources */,
				A4BCF3352103B10C002B0502 /* Frameworks */,
				A4BCF3362103B10C002B0502 /* Resources */,
			);
			buildRules = (
			);
			dependencies = (
				A4BCF33A2103B10C002B0502 /* PBXTargetDependency */,
			);
			name = ChatAppUITests;
			productName = ChatAppUITests;
			productReference = A4BCF3382103B10C002B0502 /* ChatAppUITests.xctest */;
			productType = "com.apple.product-type.bundle.ui-testing";
		};
/* End PBXNativeTarget section */

/* Begin PBXProject section */
		A4BCF3112103B109002B0502 /* Project object */ = {
			isa = PBXProject;
			attributes = {
				LastSwiftUpdateCheck = 0940;
				LastUpgradeCheck = 0940;
				ORGANIZATIONNAME = "Min Kim";
				TargetAttributes = {
					A4BCF3182103B109002B0502 = {
						CreatedOnToolsVersion = 9.4.1;
					};
					A4BCF32C2103B10C002B0502 = {
						CreatedOnToolsVersion = 9.4.1;
						TestTargetID = A4BCF3182103B109002B0502;
					};
					A4BCF3372103B10C002B0502 = {
						CreatedOnToolsVersion = 9.4.1;
						TestTargetID = A4BCF3182103B109002B0502;
					};
				};
			};
			buildConfigurationList = A4BCF3142103B109002B0502 /* Build configuration list for PBXProject "ChatApp" */;
			compatibilityVersion = "Xcode 9.3";
			developmentRegion = en;
			hasScannedForEncodings = 0;
			knownRegions = (
				en,
				Base,
			);
			mainGroup = A4BCF3102103B109002B0502;
			productRefGroup = A4BCF31A2103B109002B0502 /* Products */;
			projectDirPath = "";
			projectRoot = "";
			targets = (
				A4BCF3182103B109002B0502 /* ChatApp */,
				A4BCF32C2103B10C002B0502 /* ChatAppTests */,
				A4BCF3372103B10C002B0502 /* ChatAppUITests */,
			);
		};
/* End PBXProject section */

/* Begin PBXResourcesBuildPhase section */
		A4BCF3172103B109002B0502 /* Resources */ = {
			isa = PBXResourcesBuildPhase;
			buildActionMask = 2147483647;
			files = (
				A4BCF3272103B10B002B0502 /* LaunchScreen.storyboard in Resources */,
				A4BCF3242103B10B002B0502 /* Assets.xcassets in Resources */,
				A4BCF3222103B109002B0502 /* Main.storyboard in Resources */,
			);
			runOnlyForDeploymentPostprocessing = 0;
		};
		A4BCF32B2103B10C002B0502 /* Resources */ = {
			isa = PBXResourcesBuildPhase;
			buildActionMask = 2147483647;
			files = (
			);
			runOnlyForDeploymentPostprocessing = 0;
		};
		A4BCF3362103B10C002B0502 /* Resources */ = {
			isa = PBXResourcesBuildPhase;
			buildActionMask = 2147483647;
			files = (
			);
			runOnlyForDeploymentPostprocessing = 0;
		};
/* End PBXResourcesBuildPhase section */

/* Begin PBXSourcesBuildPhase section */
		A4BCF3152103B109002B0502 /* Sources */ = {
			isa = PBXSourcesBuildPhase;
			buildActionMask = 2147483647;
			files = (
				A4BCF31F2103B109002B0502 /* ViewController.swift in Sources */,
				A4BCF31D2103B109002B0502 /* AppDelegate.swift in Sources */,
			);
			runOnlyForDeploymentPostprocessing = 0;
		};
		A4BCF3292103B10C002B0502 /* Sources */ = {
			isa = PBXSourcesBuildPhase;
			buildActionMask = 2147483647;
			files = (
				A4BCF3322103B10C002B0502 /* ChatAppTests.swift in Sources */,
			);
			runOnlyForDeploymentPostprocessing = 0;
		};
		A4BCF3342103B10C002B0502 /* Sources */ = {
			isa = PBXSourcesBuildPhase;
			buildActionMask = 2147483647;
			files = (
				A4BCF33D2103B10C002B0502 /* ChatAppUITests.swift in Sources */,
			);
			runOnlyForDeploymentPostprocessing = 0;
		};
/* End PBXSourcesBuildPhase section */

/* Begin PBXTargetDependency section */
		A4BCF32F2103B10C002B0502 /* PBXTargetDependency */ = {
			isa = PBXTargetDependency;
			target = A4BCF3182103B109002B0502 /* ChatApp */;
			targetProxy = A4BCF32E2103B10C002B0502 /* PBXContainerItemProxy */;
		};
		A4BCF33A2103B10C002B0502 /* PBXTargetDependency */ = {
			isa = PBXTargetDependency;
			target = A4BCF3182103B109002B0502 /* ChatApp */;
			targetProxy = A4BCF3392103B10C002B0502 /* PBXContainerItemProxy */;
		};
/* End PBXTargetDependency section */

/* Begin PBXVariantGroup section */
		A4BCF3202103B109002B0502 /* Main.storyboard */ = {
			isa = PBXVariantGroup;
			children = (
				A4BCF3212103B109002B0502 /* Base */,
			);
			name = Main.storyboard;
			sourceTree = "<group>";
		};
		A4BCF3252103B10B002B0502 /* LaunchScreen.storyboard */ = {
			isa = PBXVariantGroup;
			children = (
				A4BCF3262103B10B002B0502 /* Base */,
			);
			name = LaunchScreen.storyboard;
			sourceTree = "<group>";
		};
/* End PBXVariantGroup section */

/* Begin XCBuildConfiguration section */
		A4BCF33F2103B10C002B0502 /* Debug */ = {
			isa = XCBuildConfiguration;
			buildSettings = {
				ALWAYS_SEARCH_USER_PATHS = NO;
				CLANG_ANALYZER_NONNULL = YES;
				CLANG_ANALYZER_NUMBER_OBJECT_CONVERSION = YES_AGGRESSIVE;
				CLANG_CXX_LANGUAGE_STANDARD = "gnu++14";
				CLANG_CXX_LIBRARY = "libc++";
				CLANG_ENABLE_MODULES = YES;
				CLANG_ENABLE_OBJC_ARC = YES;
				CLANG_ENABLE_OBJC_WEAK = YES;
				CLANG_WARN_BLOCK_CAPTURE_AUTORELEASING = YES;
				CLANG_WARN_BOOL_CONVERSION = YES;
				CLANG_WARN_COMMA = YES;
				CLANG_WARN_CONSTANT_CONVERSION = YES;
				CLANG_WARN_DEPRECATED_OBJC_IMPLEMENTATIONS = YES;
				CLANG_WARN_DIRECT_OBJC_ISA_USAGE = YES_ERROR;
				CLANG_WARN_DOCUMENTATION_COMMENTS = YES;
				CLANG_WARN_EMPTY_BODY = YES;
				CLANG_WARN_ENUM_CONVERSION = YES;
				CLANG_WARN_INFINITE_RECURSION = YES;
				CLANG_WARN_INT_CONVERSION = YES;
				CLANG_WARN_NON_LITERAL_NULL_CONVERSION = YES;
				CLANG_WARN_OBJC_IMPLICIT_RETAIN_SELF = YES;
				CLANG_WARN_OBJC_LITERAL_CONVERSION = YES;
				CLANG_WARN_OBJC_ROOT_CLASS = YES_ERROR;
				CLANG_WARN_RANGE_LOOP_ANALYSIS = YES;
				CLANG_WARN_STRICT_PROTOTYPES = YES;
				CLANG_WARN_SUSPICIOUS_MOVE = YES;
				CLANG_WARN_UNGUARDED_AVAILABILITY = YES_AGGRESSIVE;
				CLANG_WARN_UNREACHABLE_CODE = YES;
				CLANG_WARN__DUPLICATE_METHOD_MATCH = YES;
				CODE_SIGN_IDENTITY = "iPhone Developer";
				COPY_PHASE_STRIP = NO;
				DEBUG_INFORMATION_FORMAT = dwarf;
				ENABLE_STRICT_OBJC_MSGSEND = YES;
				ENABLE_TESTABILITY = YES;
				GCC_C_LANGUAGE_STANDARD = gnu11;
				GCC_DYNAMIC_NO_PIC = NO;
				GCC_NO_COMMON_BLOCKS = YES;
				GCC_OPTIMIZATION_LEVEL = 0;
				GCC_PREPROCESSOR_DEFINITIONS = (
					"DEBUG=1",
					"$(inherited)",
				);
				GCC_WARN_64_TO_32_BIT_CONVERSION = YES;
				GCC_WARN_ABOUT_RETURN_TYPE = YES_ERROR;
				GCC_WARN_UNDECLARED_SELECTOR = YES;
				GCC_WARN_UNINITIALIZED_AUTOS = YES_AGGRESSIVE;
				GCC_WARN_UNUSED_FUNCTION = YES;
				GCC_WARN_UNUSED_VARIABLE = YES;
				IPHONEOS_DEPLOYMENT_TARGET = 11.4;
				MTL_ENABLE_DEBUG_INFO = YES;
				ONLY_ACTIVE_ARCH = YES;
				SDKROOT = iphoneos;
				SWIFT_ACTIVE_COMPILATION_CONDITIONS = DEBUG;
				SWIFT_OPTIMIZATION_LEVEL = "-Onone";
			};
			name = Debug;
		};
		A4BCF3402103B10C002B0502 /* Release */ = {
			isa = XCBuildConfiguration;
			buildSettings = {
				ALWAYS_SEARCH_USER_PATHS = NO;
				CLANG_ANALYZER_NONNULL = YES;
				CLANG_ANALYZER_NUMBER_OBJECT_CONVERSION = YES_AGGRESSIVE;
				CLANG_CXX_LANGUAGE_STANDARD = "gnu++14";
				CLANG_CXX_LIBRARY = "libc++";
				CLANG_ENABLE_MODULES = YES;
				CLANG_ENABLE_OBJC_ARC = YES;
				CLANG_ENABLE_OBJC_WEAK = YES;
				CLANG_WARN_BLOCK_CAPTURE_AUTORELEASING = YES;
				CLANG_WARN_BOOL_CONVERSION = YES;
				CLANG_WARN_COMMA = YES;
				CLANG_WARN_CONSTANT_CONVERSION = YES;
				CLANG_WARN_DEPRECATED_OBJC_IMPLEMENTATIONS = YES;
				CLANG_WARN_DIRECT_OBJC_ISA_USAGE = YES_ERROR;
				CLANG_WARN_DOCUMENTATION_COMMENTS = YES;
				CLANG_WARN_EMPTY_BODY = YES;
				CLANG_WARN_ENUM_CONVERSION = YES;
				CLANG_WARN_INFINITE_RECURSION = YES;
				CLANG_WARN_INT_CONVERSION = YES;
				CLANG_WARN_NON_LITERAL_NULL_CONVERSION = YES;
				CLANG_WARN_OBJC_IMPLICIT_RETAIN_SELF = YES;
				CLANG_WARN_OBJC_LITERAL_CONVERSION = YES;
				CLANG_WARN_OBJC_ROOT_CLASS = YES_ERROR;
				CLANG_WARN_RANGE_LOOP_ANALYSIS = YES;
				CLANG_WARN_STRICT_PROTOTYPES = YES;
				CLANG_WARN_SUSPICIOUS_MOVE = YES;
				CLANG_WARN_UNGUARDED_AVAILABILITY = YES_AGGRESSIVE;
				CLANG_WARN_UNREACHABLE_CODE = YES;
				CLANG_WARN__DUPLICATE_METHOD_MATCH = YES;
				CODE_SIGN_IDENTITY = "iPhone Developer";
				COPY_PHASE_STRIP = NO;
				DEBUG_INFORMATION_FORMAT = "dwarf-with-dsym";
				ENABLE_NS_ASSERTIONS = NO;
				ENABLE_STRICT_OBJC_MSGSEND = YES;
				GCC_C_LANGUAGE_STANDARD = gnu11;
				GCC_NO_COMMON_BLOCKS = YES;
				GCC_WARN_64_TO_32_BIT_CONVERSION = YES;
				GCC_WARN_ABOUT_RETURN_TYPE = YES_ERROR;
				GCC_WARN_UNDECLARED_SELECTOR = YES;
				GCC_WARN_UNINITIALIZED_AUTOS = YES_AGGRESSIVE;
				GCC_WARN_UNUSED_FUNCTION = YES;
				GCC_WARN_UNUSED_VARIABLE = YES;
				IPHONEOS_DEPLOYMENT_TARGET = 11.4;
				MTL_ENABLE_DEBUG_INFO = NO;
				SDKROOT = iphoneos;
				SWIFT_COMPILATION_MODE = wholemodule;
				SWIFT_OPTIMIZATION_LEVEL = "-O";
				VALIDATE_PRODUCT = YES;
			};
			name = Release;
		};
		A4BCF3422103B10C002B0502 /* Debug */ = {
			isa = XCBuildConfiguration;
			buildSettings = {
				ASSETCATALOG_COMPILER_APPICON_NAME = AppIcon;
				CODE_SIGN_STYLE = Automatic;
				DEVELOPMENT_TEAM = 5VJVPNJ49Q;
				INFOPLIST_FILE = ChatApp/Info.plist;
				LD_RUNPATH_SEARCH_PATHS = (
					"$(inherited)",
					"@executable_path/Frameworks",
				);
				PRODUCT_BUNDLE_IDENTIFIER = com.minkim.ChatApp;
				PRODUCT_NAME = "$(TARGET_NAME)";
				SWIFT_VERSION = 4.0;
				TARGETED_DEVICE_FAMILY = "1,2";
			};
			name = Debug;
		};
		A4BCF3432103B10C002B0502 /* Release */ = {
			isa = XCBuildConfiguration;
			buildSettings = {
				ASSETCATALOG_COMPILER_APPICON_NAME = AppIcon;
				CODE_SIGN_STYLE = Automatic;
				DEVELOPMENT_TEAM = 5VJVPNJ49Q;
				INFOPLIST_FILE = ChatApp/Info.plist;
				LD_RUNPATH_SEARCH_PATHS = (
					"$(inherited)",
					"@executable_path/Frameworks",
				);
				PRODUCT_BUNDLE_IDENTIFIER = com.minkim.ChatApp;
				PRODUCT_NAME = "$(TARGET_NAME)";
				SWIFT_VERSION = 4.0;
				TARGETED_DEVICE_FAMILY = "1,2";
			};
			name = Release;
		};
		A4BCF3452103B10C002B0502 /* Debug */ = {
			isa = XCBuildConfiguration;
			buildSettings = {
				ALWAYS_EMBED_SWIFT_STANDARD_LIBRARIES = YES;
				BUNDLE_LOADER = "$(TEST_HOST)";
				CODE_SIGN_STYLE = Automatic;
				DEVELOPMENT_TEAM = 5VJVPNJ49Q;
				INFOPLIST_FILE = ChatAppTests/Info.plist;
				LD_RUNPATH_SEARCH_PATHS = (
					"$(inherited)",
					"@executable_path/Frameworks",
					"@loader_path/Frameworks",
				);
				PRODUCT_BUNDLE_IDENTIFIER = com.minkim.ChatAppTests;
				PRODUCT_NAME = "$(TARGET_NAME)";
				SWIFT_VERSION = 4.0;
				TARGETED_DEVICE_FAMILY = "1,2";
				TEST_HOST = "$(BUILT_PRODUCTS_DIR)/ChatApp.app/ChatApp";
			};
			name = Debug;
		};
		A4BCF3462103B10C002B0502 /* Release */ = {
			isa = XCBuildConfiguration;
			buildSettings = {
				ALWAYS_EMBED_SWIFT_STANDARD_LIBRARIES = YES;
				BUNDLE_LOADER = "$(TEST_HOST)";
				CODE_SIGN_STYLE = Automatic;
				DEVELOPMENT_TEAM = 5VJVPNJ49Q;
				INFOPLIST_FILE = ChatAppTests/Info.plist;
				LD_RUNPATH_SEARCH_PATHS = (
					"$(inherited)",
					"@executable_path/Frameworks",
					"@loader_path/Frameworks",
				);
				PRODUCT_BUNDLE_IDENTIFIER = com.minkim.ChatAppTests;
				PRODUCT_NAME = "$(TARGET_NAME)";
				SWIFT_VERSION = 4.0;
				TARGETED_DEVICE_FAMILY = "1,2";
				TEST_HOST = "$(BUILT_PRODUCTS_DIR)/ChatApp.app/ChatApp";
			};
			name = Release;
		};
		A4BCF3482103B10C002B0502 /* Debug */ = {
			isa = XCBuildConfiguration;
			buildSettings = {
				ALWAYS_EMBED_SWIFT_STANDARD_LIBRARIES = YES;
				CODE_SIGN_STYLE = Automatic;
				DEVELOPMENT_TEAM = 5VJVPNJ49Q;
				INFOPLIST_FILE = ChatAppUITests/Info.plist;
				LD_RUNPATH_SEARCH_PATHS = (
					"$(inherited)",
					"@executable_path/Frameworks",
					"@loader_path/Frameworks",
				);
				PRODUCT_BUNDLE_IDENTIFIER = com.minkim.ChatAppUITests;
				PRODUCT_NAME = "$(TARGET_NAME)";
				SWIFT_VERSION = 4.0;
				TARGETED_DEVICE_FAMILY = "1,2";
				TEST_TARGET_NAME = ChatApp;
			};
			name = Debug;
		};
		A4BCF3492103B10C002B0502 /* Release */ = {
			isa = XCBuildConfiguration;
			buildSettings = {
				ALWAYS_EMBED_SWIFT_STANDARD_LIBRARIES = YES;
				CODE_SIGN_STYLE = Automatic;
				DEVELOPMENT_TEAM = 5VJVPNJ49Q;
				INFOPLIST_FILE = ChatAppUITests/Info.plist;
				LD_RUNPATH_SEARCH_PATHS = (
					"$(inherited)",
					"@executable_path/Frameworks",
					"@loader_path/Frameworks",
				);
				PRODUCT_BUNDLE_IDENTIFIER = com.minkim.ChatAppUITests;
				PRODUCT_NAME = "$(TARGET_NAME)";
				SWIFT_VERSION = 4.0;
				TARGETED_DEVICE_FAMILY = "1,2";
				TEST_TARGET_NAME = ChatApp;
			};
			name = Release;
		};
/* End XCBuildConfiguration section */

/* Begin XCConfigurationList section */
		A4BCF3142103B109002B0502 /* Build configuration list for PBXProject "ChatApp" */ = {
			isa = XCConfigurationList;
			buildConfigurations = (
				A4BCF33F2103B10C002B0502 /* Debug */,
				A4BCF3402103B10C002B0502 /* Release */,
			);
			defaultConfigurationIsVisible = 0;
			defaultConfigurationName = Release;
		};
		A4BCF3412103B10C002B0502 /* Build configuration list for PBXNativeTarget "ChatApp" */ = {
			isa = XCConfigurationList;
			buildConfigurations = (
				A4BCF3422103B10C002B0502 /* Debug */,
				A4BCF3432103B10C002B0502 /* Release */,
			);
			defaultConfigurationIsVisible = 0;
			defaultConfigurationName = Release;
		};
		A4BCF3442103B10C002B0502 /* Build configuration list for PBXNativeTarget "ChatAppTests" */ = {
			isa = XCConfigurationList;
			buildConfigurations = (
				A4BCF3452103B10C002B0502 /* Debug */,
				A4BCF3462103B10C002B0502 /* Release */,
			);
			defaultConfigurationIsVisible = 0;
			defaultConfigurationName = Release;
		};
		A4BCF3472103B10C002B0502 /* Build configuration list for PBXNativeTarget "ChatAppUITests" */ = {
			isa = XCConfigurationList;
			buildConfigurations = (
				A4BCF3482103B10C002B0502 /* Debug */,
				A4BCF3492103B10C002B0502 /* Release */,
			);
			defaultConfigurationIsVisible = 0;
			defaultConfigurationName = Release;
		};
/* End XCConfigurationList section */
	};
	rootObject = A4BCF3112103B109002B0502 /* Project object */;
}
